
Microsoft Visual Studio Solution File, Format Version 12.00
# Visual Studio Version 16
VisualStudioVersion = 16.0.31025.194
MinimumVisualStudioVersion = 10.0.40219.1
Project("{FAE04EC0-301F-11D3-BF4B-00C04F79EFBC}") = "cafe_cafe", "cafe_cafe\cafe_cafe.csproj", "{42BC670D-5DAA-477B-972A-171869FADF25}"
EndProject
Global
	GlobalSection(SolutionConfigurationPlatforms) = preSolution
		abc|Any CPU = abc|Any CPU
		abc|x64 = abc|x64
		abc|x86 = abc|x86
		bca|Any CPU = bca|Any CPU
		bca|x64 = bca|x64
		bca|x86 = bca|x86
		csdvadsv|Any CPU = csdvadsv|Any CPU
		csdvadsv|x64 = csdvadsv|x64
		csdvadsv|x86 = csdvadsv|x86
		Debug|Any CPU = Debug|Any CPU
		Debug|x64 = Debug|x64
		Debug|x86 = Debug|x86
		gfdg|Any CPU = gfdg|Any CPU
		gfdg|x64 = gfdg|x64
		gfdg|x86 = gfdg|x86
		Release|Any CPU = Release|Any CPU
		Release|x64 = Release|x64
		Release|x86 = Release|x86
	EndGlobalSection
	GlobalSection(ProjectConfigurationPlatforms) = postSolution
		{42BC670D-5DAA-477B-972A-171869FADF25}.abc|Any CPU.ActiveCfg = abc|Any CPU
		{42BC670D-5DAA-477B-972A-171869FADF25}.abc|Any CPU.Build.0 = abc|Any CPU
		{42BC670D-5DAA-477B-972A-171869FADF25}.abc|x64.ActiveCfg = abc|x64
		{42BC670D-5DAA-477B-972A-171869FADF25}.abc|x64.Build.0 = abc|x64
		{42BC670D-5DAA-477B-972A-171869FADF25}.abc|x86.ActiveCfg = abc|x86
		{42BC670D-5DAA-477B-972A-171869FADF25}.abc|x86.Build.0 = abc|x86
		{42BC670D-5DAA-477B-972A-171869FADF25}.bca|Any CPU.ActiveCfg = bca|Any CPU
		{42BC670D-5DAA-477B-972A-171869FADF25}.bca|Any CPU.Build.0 = bca|Any CPU
		{42BC670D-5DAA-477B-972A-171869FADF25}.bca|x64.ActiveCfg = bca|x64
		{42BC670D-5DAA-477B-972A-171869FADF25}.bca|x64.Build.0 = bca|x64
		{42BC670D-5DAA-477B-972A-171869FADF25}.bca|x86.ActiveCfg = bca|x86
		{42BC670D-5DAA-477B-972A-171869FADF25}.bca|x86.Build.0 = bca|x86
		{42BC670D-5DAA-477B-972A-171869FADF25}.csdvadsv|Any CPU.ActiveCfg = csdvadsv|Any CPU
		{42BC670D-5DAA-477B-972A-171869FADF25}.csdvadsv|Any CPU.Build.0 = csdvadsv|Any CPU
		{42BC670D-5DAA-477B-972A-171869FADF25}.csdvadsv|x64.ActiveCfg = csdvadsv|x64
		{42BC670D-5DAA-477B-972A-171869FADF25}.csdvadsv|x64.Build.0 = csdvadsv|x64
		{42BC670D-5DAA-477B-972A-171869FADF25}.csdvadsv|x86.ActiveCfg = csdvadsv|x86
		{42BC670D-5DAA-477B-972A-171869FADF25}.csdvadsv|x86.Build.0 = csdvadsv|x86
		{42BC670D-5DAA-477B-972A-171869FADF25}.Debug|Any CPU.ActiveCfg = Debug|Any CPU
		{42BC670D-5DAA-477B-972A-171869FADF25}.Debug|Any CPU.Build.0 = Debug|Any CPU
		{42BC670D-5DAA-477B-972A-171869FADF25}.Debug|x64.ActiveCfg = Debug|x64
		{42BC670D-5DAA-477B-972A-171869FADF25}.Debug|x64.Build.0 = Debug|x64
		{42BC670D-5DAA-477B-972A-171869FADF25}.Debug|x86.ActiveCfg = Debug|x86
		{42BC670D-5DAA-477B-972A-171869FADF25}.Debug|x86.Build.0 = Debug|x86
		{42BC670D-5DAA-477B-972A-171869FADF25}.gfdg|Any CPU.ActiveCfg = gfdg|Any CPU
		{42BC670D-5DAA-477B-972A-171869FADF25}.gfdg|Any CPU.Build.0 = gfdg|Any CPU
		{42BC670D-5DAA-477B-972A-171869FADF25}.gfdg|x64.ActiveCfg = gfdg|x64
		{42BC670D-5DAA-477B-972A-171869FADF25}.gfdg|x64.Build.0 = gfdg|x64
		{42BC670D-5DAA-477B-972A-171869FADF25}.gfdg|x86.ActiveCfg = gfdg|x86
		{42BC670D-5DAA-477B-972A-171869FADF25}.gfdg|x86.Build.0 = gfdg|x86
		{42BC670D-5DAA-477B-972A-171869FADF25}.Release|Any CPU.ActiveCfg = Release|Any CPU
		{42BC670D-5DAA-477B-972A-171869FADF25}.Release|Any CPU.Build.0 = Release|Any CPU
		{42BC670D-5DAA-477B-972A-171869FADF25}.Release|x64.ActiveCfg = Release|x64
		{42BC670D-5DAA-477B-972A-171869FADF25}.Release|x64.Build.0 = Release|x64
		{42BC670D-5DAA-477B-972A-171869FADF25}.Release|x86.ActiveCfg = Release|x86
		{42BC670D-5DAA-477B-972A-171869FADF25}.Release|x86.Build.0 = Release|x86
	EndGlobalSection
	GlobalSection(SolutionProperties) = preSolution
		HideSolutionNode = FALSE
	EndGlobalSection
	GlobalSection(ExtensibilityGlobals) = postSolution
		SolutionGuid = {7FAD4065-4982-4C9B-A313-3D096D51B5B5}
	EndGlobalSection
EndGlobal
